
Microsoft Visual Studio Solution File, Format Version 12.00
# Visual Studio Version 16
VisualStudioVersion = 16.0.31004.235
MinimumVisualStudioVersion = 10.0.40219.1
Project("{FAE04EC0-301F-11D3-BF4B-00C04F79EFBC}") = "BracketsValidationDemo", "BracketsValidationDemo.csproj", "{0AADBB78-B5CC-45DD-B00F-2CCDA663DFA2}"
EndProject
Global
	GlobalSection(SolutionConfigurationPlatforms) = preSolution
		Debug|Any CPU = Debug|Any CPU
		Release|Any CPU = Release|Any CPU
	EndGlobalSection
	GlobalSection(ProjectConfigurationPlatforms) = postSolution
		{0AADBB78-B5CC-45DD-B00F-2CCDA663DFA2}.Debug|Any CPU.ActiveCfg = Debug|Any CPU
		{0AADBB78-B5CC-45DD-B00F-2CCDA663DFA2}.Debug|Any CPU.Build.0 = Debug|Any CPU
		{0AADBB78-B5CC-45DD-B00F-2CCDA663DFA2}.Release|Any CPU.ActiveCfg = Release|Any CPU
		{0AADBB78-B5CC-45DD-B00F-2CCDA663DFA2}.Release|Any CPU.Build.0 = Release|Any CPU
	EndGlobalSection
	GlobalSection(SolutionProperties) = preSolution
		HideSolutionNode = FALSE
	EndGlobalSection
	GlobalSection(ExtensibilityGlobals) = postSolution
		SolutionGuid = {EBF93A5E-052C-4631-9EA4-7CA07F1E728C}
	EndGlobalSection
EndGlobal
